<?xml version="1.0" encoding="utf-8"?>
<Project ToolsVersion="4.0" xmlns="http://schemas.microsoft.com/developer/msbuild/2003">
  <ItemGroup>
    <Filter Include="源文件">
      <UniqueIdentifier>{4FC737F1-C7A5-4376-A066-2A32D752A2FF}</UniqueIdentifier>
      <Extensions>cpp;c;cc;cxx;def;odl;idl;hpj;bat;asm;asmx</Extensions>
    </Filter>
    <Filter Include="头文件">
      <UniqueIdentifier>{93995380-89BD-4b04-88EB-625FBE52EBFB}</UniqueIdentifier>
      <Extensions>h;hh;hpp;hxx;hm;inl;inc;ipp;xsd</Extensions>
    </Filter>
    <Filter Include="资源文件">
      <UniqueIdentifier>{67DA6AB6-F800-4c08-8B7A-83BB121AAD01}</UniqueIdentifier>
      <Extensions>rc;ico;cur;bmp;dlg;rc2;rct;bin;rgs;gif;jpg;jpeg;jpe;resx;tiff;tif;png;wav;mfcribbon-ms</Extensions>
    </Filter>
    <Filter Include="Unit_Test_Cpp_Package">
      <UniqueIdentifier>{3ad3f69a-8320-42af-b3dc-187d9fc95071}</UniqueIdentifier>
    </Filter>
    <Filter Include="Unit_Test_头文件">
      <UniqueIdentifier>{edb73185-0f55-4597-a019-cc0b49df693d}</UniqueIdentifier>
    </Filter>
  </ItemGroup>
  <ItemGroup>
    <ClInclude Include="stdafx.h">
      <Filter>头文件</Filter>
    </ClInclude>
    <ClInclude Include="targetver.h">
      <Filter>头文件</Filter>
    </ClInclude>
    <ClInclude Include="Unit_Test2.h">
      <Filter>Unit_Test_头文件</Filter>
    </ClInclude>
    <ClInclude Include="Unit_Test1.h">
      <Filter>Unit_Test_头文件</Filter>
    </ClInclude>
    <ClInclude Include="Unit_Test3.h">
      <Filter>Unit_Test_头文件</Filter>
    </ClInclude>
    <ClInclude Include="Unit_Test4.h">
      <Filter>Unit_Test_头文件</Filter>
    </ClInclude>
    <ClInclude Include="Unit_Test5.h">
      <Filter>Unit_Test_头文件</Filter>
    </ClInclude>
    <ClInclude Include="Unit_Test6.h">
      <Filter>Unit_Test_头文件</Filter>
    </ClInclude>
    <ClInclude Include="Unit_Test7.h">
      <Filter>Unit_Test_头文件</Filter>
    </ClInclude>
    <ClInclude Include="Unit_Test8.h">
      <Filter>Unit_Test_头文件</Filter>
    </ClInclude>
    <ClInclude Include="Unit_Test9.h">
      <Filter>Unit_Test_头文件</Filter>
    </ClInclude>
    <ClInclude Include="Unit_Test10.h">
      <Filter>Unit_Test_头文件</Filter>
    </ClInclude>
  </ItemGroup>
  <ItemGroup>
    <ClCompile Include="stdafx.cpp">
      <Filter>源文件</Filter>
    </ClCompile>
    <ClCompile Include="All_Test.cpp">
      <Filter>源文件</Filter>
    </ClCompile>
    <ClCompile Include="Unit_Test1.cpp">
      <Filter>Unit_Test_Cpp_Package</Filter>
    </ClCompile>
    <ClCompile Include="Unit_Test2.cpp">
      <Filter>Unit_Test_Cpp_Package</Filter>
    </ClCompile>
    <ClCompile Include="Unit_Test3.cpp">
      <Filter>Unit_Test_Cpp_Package</Filter>
    </ClCompile>
    <ClCompile Include="Unit_Test4.cpp">
      <Filter>Unit_Test_Cpp_Package</Filter>
    </ClCompile>
    <ClCompile Include="Unit_Test5.cpp">
      <Filter>Unit_Test_Cpp_Package</Filter>
    </ClCompile>
    <ClCompile Include="Unit_Test6.cpp">
      <Filter>Unit_Test_Cpp_Package</Filter>
    </ClCompile>
    <ClCompile Include="Unit_Test7.cpp">
      <Filter>Unit_Test_Cpp_Package</Filter>
    </ClCompile>
    <ClCompile Include="Unit_Test8.cpp">
      <Filter>Unit_Test_Cpp_Package</Filter>
    </ClCompile>
    <ClCompile Include="Unit_Test9.cpp">
      <Filter>Unit_Test_Cpp_Package</Filter>
    </ClCompile>
    <ClCompile Include="Unit_Test10.cpp">
      <Filter>Unit_Test_Cpp_Package</Filter>
    </ClCompile>
  </ItemGroup>
</Project>